
Microsoft Visual Studio Solution File, Format Version 12.00
# Visual Studio 14
VisualStudioVersion = 14.0.23107.0
MinimumVisualStudioVersion = 10.0.40219.1
Project("{FAE04EC0-301F-11D3-BF4B-00C04F79EFBC}") = "CapacitanceExtractor", "CapacitanceExtractor.csproj", "{3B2CA47D-BB02-4520-B5BB-46543F72BE75}"
EndProject
Project("{FAE04EC0-301F-11D3-BF4B-00C04F79EFBC}") = "CapacitanceExtractorApp", "CapacitanceExtractorApp\CapacitanceExtractorApp.csproj", "{339C2AE0-A5A3-4E28-A360-47278E8855CC}"
EndProject
Global
	GlobalSection(SolutionConfigurationPlatforms) = preSolution
		Debug|Any CPU = Debug|Any CPU
		Release|Any CPU = Release|Any CPU
	EndGlobalSection
	GlobalSection(ProjectConfigurationPlatforms) = postSolution
		{3B2CA47D-BB02-4520-B5BB-46543F72BE75}.Debug|Any CPU.ActiveCfg = Debug|Any CPU
		{3B2CA47D-BB02-4520-B5BB-46543F72BE75}.Debug|Any CPU.Build.0 = Debug|Any CPU
		{3B2CA47D-BB02-4520-B5BB-46543F72BE75}.Release|Any CPU.ActiveCfg = Release|Any CPU
		{3B2CA47D-BB02-4520-B5BB-46543F72BE75}.Release|Any CPU.Build.0 = Release|Any CPU
		{339C2AE0-A5A3-4E28-A360-47278E8855CC}.Debug|Any CPU.ActiveCfg = Debug|Any CPU
		{339C2AE0-A5A3-4E28-A360-47278E8855CC}.Debug|Any CPU.Build.0 = Debug|Any CPU
		{339C2AE0-A5A3-4E28-A360-47278E8855CC}.Release|Any CPU.ActiveCfg = Release|Any CPU
		{339C2AE0-A5A3-4E28-A360-47278E8855CC}.Release|Any CPU.Build.0 = Release|Any CPU
	EndGlobalSection
	GlobalSection(SolutionProperties) = preSolution
		HideSolutionNode = FALSE
	EndGlobalSection
EndGlobal
